
Microsoft Visual Studio Solution File, Format Version 12.00
# Visual Studio Version 16
VisualStudioVersion = 16.0.31729.503
MinimumVisualStudioVersion = 10.0.40219.1
Project("{FAE04EC0-301F-11D3-BF4B-00C04F79EFBC}") = "StackOverFlow", "StackOverFlow.csproj", "{8DF5C2B7-DF87-450B-88DD-56C66F931A17}"
EndProject
Global
	GlobalSection(SolutionConfigurationPlatforms) = preSolution
		Debug|Any CPU = Debug|Any CPU
		Release|Any CPU = Release|Any CPU
	EndGlobalSection
	GlobalSection(ProjectConfigurationPlatforms) = postSolution
		{8DF5C2B7-DF87-450B-88DD-56C66F931A17}.Debug|Any CPU.ActiveCfg = Debug|Any CPU
		{8DF5C2B7-DF87-450B-88DD-56C66F931A17}.Debug|Any CPU.Build.0 = Debug|Any CPU
		{8DF5C2B7-DF87-450B-88DD-56C66F931A17}.Release|Any CPU.ActiveCfg = Release|Any CPU
		{8DF5C2B7-DF87-450B-88DD-56C66F931A17}.Release|Any CPU.Build.0 = Release|Any CPU
	EndGlobalSection
	GlobalSection(SolutionProperties) = preSolution
		HideSolutionNode = FALSE
	EndGlobalSection
	GlobalSection(ExtensibilityGlobals) = postSolution
		SolutionGuid = {C29D5B8F-9F71-4651-990C-29D66A083A6D}
	EndGlobalSection
EndGlobal
